PODS:
  - Alamofire (4.8.1)
  - CodableAlamofire (1.1.0):
    - Alamofire (~> 4.0)
  - M13Checkbox (3.3.2)
  - SwiftyJSON (4.2.0)

DEPENDENCIES:
  - Alamofire
  - CodableAlamofire
  - M13Checkbox
  - SwiftyJSON

SPEC REPOS:
  https://github.com/cocoapods/specs.git:
    - Alamofire
    - CodableAlamofire
    - M13Checkbox
    - SwiftyJSON

SPEC CHECKSUMS:
  Alamofire: 16ce2c353fb72865124ddae8a57c5942388f4f11
  CodableAlamofire: e2d2edcec7cf413f7862c30c8fa98eded27a83f9
  M13Checkbox: d75dca81d61c9903e7f091f32b35a3254bc97dce
  SwiftyJSON: c4bcba26dd9ec7a027fc8eade48e2c911f229e96

PODFILE CHECKSUM: 2e6b0bab70483facca278023bbc1bb576b0524f2

COCOAPODS: 1.5.3
